// !$*UTF8*$!
{
	archiveVersion = 1;
	classes = {
	};
	objectVersion = 46;
	objects = {

/* Begin PBXBuildFile section */
		397C439D1C2BAC130065C457 /* AppDelegate.swift in Sources */ = {isa = PBXBuildFile; fileRef = 397C439C1C2BAC130065C457 /* AppDelegate.swift */; };
		397C439F1C2BAC130065C457 /* Assets.xcassets in Resources */ = {isa = PBXBuildFile; fileRef = 397C439E1C2BAC130065C457 /* Assets.xcassets */; };
		397C43A21C2BAC130065C457 /* MainMenu.xib in Resources */ = {isa = PBXBuildFile; fileRef = 397C43A01C2BAC130065C457 /* MainMenu.xib */; };
		397C43AD1C2BAC130065C457 /* ScreenCaptureTests.swift in Sources */ = {isa = PBXBuildFile; fileRef = 397C43AC1C2BAC130065C457 /* ScreenCaptureTests.swift */; };
		397C43B81C2BAC130065C457 /* ScreenCaptureUITests.swift in Sources */ = {isa = PBXBuildFile; fileRef = 397C43B71C2BAC130065C457 /* ScreenCaptureUITests.swift */; };
/* End PBXBuildFile section */

/* Begin PBXContainerItemProxy section */
		397C43A91C2BAC130065C457 /* PBXContainerItemProxy */ = {
			isa = PBXContainerItemProxy;
			containerPortal = 397C43911C2BAC130065C457 /* Project object */;
			proxyType = 1;
			remoteGlobalIDString = 397C43981C2BAC130065C457;
			remoteInfo = ScreenCapture;
		};
		397C43B41C2BAC130065C457 /* PBXContainerItemProxy */ = {
			isa = PBXContainerItemProxy;
			containerPortal = 397C43911C2BAC130065C457 /* Project object */;
			proxyType = 1;
			remoteGlobalIDString = 397C43981C2BAC130065C457;
			remoteInfo = ScreenCapture;
		};
/* End PBXContainerItemProxy section */

/* Begin PBXFileReference section */
		397C43991C2BAC130065C457 /* ScreenCapture.app */ = {isa = PBXFileReference; explicitFileType = wrapper.application; includeInIndex = 0; path = ScreenCapture.app; sourceTree = BUILT_PRODUCTS_DIR; };
		397C439C1C2BAC130065C457 /* AppDelegate.swift */ = {isa = PBXFileReference; lastKnownFileType = sourcecode.swift; path = AppDelegate.swift; sourceTree = "<group>"; };
		397C439E1C2BAC130065C457 /* Assets.xcassets */ = {isa = PBXFileReference; lastKnownFileType = folder.assetcatalog; path = Assets.xcassets; sourceTree = "<group>"; };
		397C43A11C2BAC130065C457 /* Base */ = {isa = PBXFileReference; lastKnownFileType = file.xib; name = Base; path = Base.lproj/MainMenu.xib; sourceTree = "<group>"; };
		397C43A31C2BAC130065C457 /* Info.plist */ = {isa = PBXFileReference; lastKnownFileType = text.plist.xml; path = Info.plist; sourceTree = "<group>"; };
		397C43A81C2BAC130065C457 /* ScreenCaptureTests.xctest */ = {isa = PBXFileReference; explicitFileType = wrapper.cfbundle; includeInIndex = 0; path = ScreenCaptureTests.xctest; sourceTree = BUILT_PRODUCTS_DIR; };
		397C43AC1C2BAC130065C457 /* ScreenCaptureTests.swift */ = {isa = PBXFileReference; lastKnownFileType = sourcecode.swift; path = ScreenCaptureTests.swift; sourceTree = "<group>"; };
		397C43AE1C2BAC130065C457 /* Info.plist */ = {isa = PBXFileReference; lastKnownFileType = text.plist.xml; path = Info.plist; sourceTree = "<group>"; };
		397C43B31C2BAC130065C457 /* ScreenCaptureUITests.xctest */ = {isa = PBXFileReference; explicitFileType = wrapper.cfbundle; includeInIndex = 0; path = ScreenCaptureUITests.xctest; sourceTree = BUILT_PRODUCTS_DIR; };
		397C43B71C2BAC130065C457 /* ScreenCaptureUITests.swift */ = {isa = PBXFileReference; lastKnownFileType = sourcecode.swift; path = ScreenCaptureUITests.swift; sourceTree = "<group>"; };
		397C43B91C2BAC130065C457 /* Info.plist */ = {isa = PBXFileReference; lastKnownFileType = text.plist.xml; path = Info.plist; sourceTree = "<group>"; };
/* End PBXFileReference section */

/* Begin PBXFrameworksBuildPhase section */
		397C43961C2BAC130065C457 /* Frameworks */ = {
			isa = PBXFrameworksBuildPhase;
			buildActionMask = 2147483647;
			files = (
			);
			runOnlyForDeploymentPostprocessing = 0;
		};
		397C43A51C2BAC130065C457 /* Frameworks */ = {
			isa = PBXFrameworksBuildPhase;
			buildActionMask = 2147483647;
			files = (
			);
			runOnlyForDeploymentPostprocessing = 0;
		};
		397C43B01C2BAC130065C457 /* Frameworks */ = {
			isa = PBXFrameworksBuildPhase;
			buildActionMask = 2147483647;
			files = (
			);
			runOnlyForDeploymentPostprocessing = 0;
		};
/* End PBXFrameworksBuildPhase section */

/* Begin PBXGroup section */
		397C43901C2BAC130065C457 = {
			isa = PBXGroup;
			children = (
				397C439B1C2BAC130065C457 /* ScreenCapture */,
				397C43AB1C2BAC130065C457 /* ScreenCaptureTests */,
				397C43B61C2BAC130065C457 /* ScreenCaptureUITests */,
				397C439A1C2BAC130065C457 /* Products */,
			);
			sourceTree = "<group>";
		};
		397C439A1C2BAC130065C457 /* Products */ = {
			isa = PBXGroup;
			children = (
				397C43991C2BAC130065C457 /* ScreenCapture.app */,
				397C43A81C2BAC130065C457 /* ScreenCaptureTests.xctest */,
				397C43B31C2BAC130065C457 /* ScreenCaptureUITests.xctest */,
			);
			name = Products;
			sourceTree = "<group>";
		};
		397C439B1C2BAC130065C457 /* ScreenCapture */ = {
			isa = PBXGroup;
			children = (
				397C439C1C2BAC130065C457 /* AppDelegate.swift */,
				397C439E1C2BAC130065C457 /* Assets.xcassets */,
				397C43A01C2BAC130065C457 /* MainMenu.xib */,
				397C43A31C2BAC130065C457 /* Info.plist */,
			);
			path = ScreenCapture;
			sourceTree = "<group>";
		};
		397C43AB1C2BAC130065C457 /* ScreenCaptureTests */ = {
			isa = PBXGroup;
			children = (
				397C43AC1C2BAC130065C457 /* ScreenCaptureTests.swift */,
				397C43AE1C2BAC130065C457 /* Info.plist */,
			);
			path = ScreenCaptureTests;
			sourceTree = "<group>";
		};
		397C43B61C2BAC130065C457 /* ScreenCaptureUITests */ = {
			isa = PBXGroup;
			children = (
				397C43B71C2BAC130065C457 /* ScreenCaptureUITests.swift */,
				397C43B91C2BAC130065C457 /* Info.plist */,
			);
			path = ScreenCaptureUITests;
			sourceTree = "<group>";
		};
/* End PBXGroup section */

/* Begin PBXNativeTarget section */
		397C43981C2BAC130065C457 /* ScreenCapture */ = {
			isa = PBXNativeTarget;
			buildConfigurationList = 397C43BC1C2BAC130065C457 /* Build configuration list for PBXNativeTarget "ScreenCapture" */;
			buildPhases = (
				397C43951C2BAC130065C457 /* Sources */,
				397C43961C2BAC130065C457 /* Frameworks */,
				397C43971C2BAC130065C457 /* Resources */,
			);
			buildRules = (
			);
			dependencies = (
			);
			name = ScreenCapture;
			productName = ScreenCapture;
			productReference = 397C43991C2BAC130065C457 /* ScreenCapture.app */;
			productType = "com.apple.product-type.application";
		};
		397C43A71C2BAC130065C457 /* ScreenCaptureTests */ = {
			isa = PBXNativeTarget;
			buildConfigurationList = 397C43BF1C2BAC130065C457 /* Build configuration list for PBXNativeTarget "ScreenCaptureTests" */;
			buildPhases = (
				397C43A41C2BAC130065C457 /* Sources */,
				397C43A51C2BAC130065C457 /* Frameworks */,
				397C43A61C2BAC130065C457 /* Resources */,
			);
			buildRules = (
			);
			dependencies = (
				397C43AA1C2BAC130065C457 /* PBXTargetDependency */,
			);
			name = ScreenCaptureTests;
			productName = ScreenCaptureTests;
			productReference = 397C43A81C2BAC130065C457 /* ScreenCaptureTests.xctest */;
			productType = "com.apple.product-type.bundle.unit-test";
		};
		397C43B21C2BAC130065C457 /* ScreenCaptureUITests */ = {
			isa = PBXNativeTarget;
			buildConfigurationList = 397C43C21C2BAC130065C457 /* Build configuration list for PBXNativeTarget "ScreenCaptureUITests" */;
			buildPhases = (
				397C43AF1C2BAC130065C457 /* Sources */,
				397C43B01C2BAC130065C457 /* Frameworks */,
				397C43B11C2BAC130065C457 /* Resources */,
			);
			buildRules = (
			);
			dependencies = (
				397C43B51C2BAC130065C457 /* PBXTargetDependency */,
			);
			name = ScreenCaptureUITests;
			productName = ScreenCaptureUITests;
			productReference = 397C43B31C2BAC130065C457 /* ScreenCaptureUITests.xctest */;
			productType = "com.apple.product-type.bundle.ui-testing";
		};
/* End PBXNativeTarget section */

/* Begin PBXProject section */
		397C43911C2BAC130065C457 /* Project object */ = {
			isa = PBXProject;
			attributes = {
				LastSwiftUpdateCheck = 0720;
				LastUpgradeCheck = 0720;
				ORGANIZATIONNAME = "Petri Damstén";
				TargetAttributes = {
					397C43981C2BAC130065C457 = {
						CreatedOnToolsVersion = 7.2;
					};
					397C43A71C2BAC130065C457 = {
						CreatedOnToolsVersion = 7.2;
						TestTargetID = 397C43981C2BAC130065C457;
					};
					397C43B21C2BAC130065C457 = {
						CreatedOnToolsVersion = 7.2;
						TestTargetID = 397C43981C2BAC130065C457;
					};
				};
			};
			buildConfigurationList = 397C43941C2BAC130065C457 /* Build configuration list for PBXProject "ScreenCapture" */;
			compatibilityVersion = "Xcode 3.2";
			developmentRegion = English;
			hasScannedForEncodings = 0;
			knownRegions = (
				en,
				Base,
			);
			mainGroup = 397C43901C2BAC130065C457;
			productRefGroup = 397C439A1C2BAC130065C457 /* Products */;
			projectDirPath = "";
			projectRoot = "";
			targets = (
				397C43981C2BAC130065C457 /* ScreenCapture */,
				397C43A71C2BAC130065C457 /* ScreenCaptureTests */,
				397C43B21C2BAC130065C457 /* ScreenCaptureUITests */,
			);
		};
/* End PBXProject section */

/* Begin PBXResourcesBuildPhase section */
		397C43971C2BAC130065C457 /* Resources */ = {
			isa = PBXResourcesBuildPhase;
			buildActionMask = 2147483647;
			files = (
				397C439F1C2BAC130065C457 /* Assets.xcassets in Resources */,
				397C43A21C2BAC130065C457 /* MainMenu.xib in Resources */,
			);
			runOnlyForDeploymentPostprocessing = 0;
		};
		397C43A61C2BAC130065C457 /* Resources */ = {
			isa = PBXResourcesBuildPhase;
			buildActionMask = 2147483647;
			files = (
			);
			runOnlyForDeploymentPostprocessing = 0;
		};
		397C43B11C2BAC130065C457 /* Resources */ = {
			isa = PBXResourcesBuildPhase;
			buildActionMask = 2147483647;
			files = (
			);
			runOnlyForDeploymentPostprocessing = 0;
		};
/* End PBXResourcesBuildPhase section */

/* Begin PBXSourcesBuildPhase section */
		397C43951C2BAC130065C457 /* Sources */ = {
			isa = PBXSourcesBuildPhase;
			buildActionMask = 2147483647;
			files = (
				397C439D1C2BAC130065C457 /* AppDelegate.swift in Sources */,
			);
			runOnlyForDeploymentPostprocessing = 0;
		};
		397C43A41C2BAC130065C457 /* Sources */ = {
			isa = PBXSourcesBuildPhase;
			buildActionMask = 2147483647;
			files = (
				397C43AD1C2BAC130065C457 /* ScreenCaptureTests.swift in Sources */,
			);
			runOnlyForDeploymentPostprocessing = 0;
		};
		397C43AF1C2BAC130065C457 /* Sources */ = {
			isa = PBXSourcesBuildPhase;
			buildActionMask = 2147483647;
			files = (
				397C43B81C2BAC130065C457 /* ScreenCaptureUITests.swift in Sources */,
			);
			runOnlyForDeploymentPostprocessing = 0;
		};
/* End PBXSourcesBuildPhase section */

/* Begin PBXTargetDependency section */
		397C43AA1C2BAC130065C457 /* PBXTargetDependency */ = {
			isa = PBXTargetDependency;
			target = 397C43981C2BAC130065C457 /* ScreenCapture */;
			targetProxy = 397C43A91C2BAC130065C457 /* PBXContainerItemProxy */;
		};
		397C43B51C2BAC130065C457 /* PBXTargetDependency */ = {
			isa = PBXTargetDependency;
			target = 397C43981C2BAC130065C457 /* ScreenCapture */;
			targetProxy = 397C43B41C2BAC130065C457 /* PBXContainerItemProxy */;
		};
/* End PBXTargetDependency section */

/* Begin PBXVariantGroup section */
		397C43A01C2BAC130065C457 /* MainMenu.xib */ = {
			isa = PBXVariantGroup;
			children = (
				397C43A11C2BAC130065C457 /* Base */,
			);
			name = MainMenu.xib;
			sourceTree = "<group>";
		};
/* End PBXVariantGroup section */

/* Begin XCBuildConfiguration section */
		397C43BA1C2BAC130065C457 /* Debug */ = {
			isa = XCBuildConfiguration;
			buildSettings = {
				ALWAYS_SEARCH_USER_PATHS = NO;
				CLANG_CXX_LANGUAGE_STANDARD = "gnu++0x";
				CLANG_CXX_LIBRARY = "libc++";
				CLANG_ENABLE_MODULES = YES;
				CLANG_ENABLE_OBJC_ARC = YES;
				CLANG_WARN_BOOL_CONVERSION = YES;
				CLANG_WARN_CONSTANT_CONVERSION = YES;
				CLANG_WARN_DIRECT_OBJC_ISA_USAGE = YES_ERROR;
				CLANG_WARN_EMPTY_BODY = YES;
				CLANG_WARN_ENUM_CONVERSION = YES;
				CLANG_WARN_INT_CONVERSION = YES;
				CLANG_WARN_OBJC_ROOT_CLASS = YES_ERROR;
				CLANG_WARN_UNREACHABLE_CODE = YES;
				CLANG_WARN__DUPLICATE_METHOD_MATCH = YES;
				CODE_SIGN_IDENTITY = "-";
				COPY_PHASE_STRIP = NO;
				DEBUG_INFORMATION_FORMAT = dwarf;
				ENABLE_STRICT_OBJC_MSGSEND = YES;
				ENABLE_TESTABILITY = YES;
				GCC_C_LANGUAGE_STANDARD = gnu99;
				GCC_DYNAMIC_NO_PIC = NO;
				GCC_NO_COMMON_BLOCKS = YES;
				GCC_OPTIMIZATION_LEVEL = 0;
				GCC_PREPROCESSOR_DEFINITIONS = (
					"DEBUG=1",
					"$(inherited)",
				);
				GCC_WARN_64_TO_32_BIT_CONVERSION = YES;
				GCC_WARN_ABOUT_RETURN_TYPE = YES_ERROR;
				GCC_WARN_UNDECLARED_SELECTOR = YES;
				GCC_WARN_UNINITIALIZED_AUTOS = YES_AGGRESSIVE;
				GCC_WARN_UNUSED_FUNCTION = YES;
				GCC_WARN_UNUSED_VARIABLE = YES;
				MACOSX_DEPLOYMENT_TARGET = 10.11;
				MTL_ENABLE_DEBUG_INFO = YES;
				ONLY_ACTIVE_ARCH = YES;
				SDKROOT = macosx;
				SWIFT_OPTIMIZATION_LEVEL = "-Onone";
			};
			name = Debug;
		};
		397C43BB1C2BAC130065C457 /* Release */ = {
			isa = XCBuildConfiguration;
			buildSettings = {
				ALWAYS_SEARCH_USER_PATHS = NO;
				CLANG_CXX_LANGUAGE_STANDARD = "gnu++0x";
				CLANG_CXX_LIBRARY = "libc++";
				CLANG_ENABLE_MODULES = YES;
				CLANG_ENABLE_OBJC_ARC = YES;
				CLANG_WARN_BOOL_CONVERSION = YES;
				CLANG_WARN_CONSTANT_CONVERSION = YES;
				CLANG_WARN_DIRECT_OBJC_ISA_USAGE = YES_ERROR;
				CLANG_WARN_EMPTY_BODY = YES;
				CLANG_WARN_ENUM_CONVERSION = YES;
				CLANG_WARN_INT_CONVERSION = YES;
				CLANG_WARN_OBJC_ROOT_CLASS = YES_ERROR;
				CLANG_WARN_UNREACHABLE_CODE = YES;
				CLANG_WARN__DUPLICATE_METHOD_MATCH = YES;
				CODE_SIGN_IDENTITY = "-";
				COPY_PHASE_STRIP = NO;
				DEBUG_INFORMATION_FORMAT = "dwarf-with-dsym";
				ENABLE_NS_ASSERTIONS = NO;
				ENABLE_STRICT_OBJC_MSGSEND = YES;
				GCC_C_LANGUAGE_STANDARD = gnu99;
				GCC_NO_COMMON_BLOCKS = YES;
				GCC_WARN_64_TO_32_BIT_CONVERSION = YES;
				GCC_WARN_ABOUT_RETURN_TYPE = YES_ERROR;
				GCC_WARN_UNDECLARED_SELECTOR = YES;
				GCC_WARN_UNINITIALIZED_AUTOS = YES_AGGRESSIVE;
				GCC_WARN_UNUSED_FUNCTION = YES;
				GCC_WARN_UNUSED_VARIABLE = YES;
				MACOSX_DEPLOYMENT_TARGET = 10.11;
				MTL_ENABLE_DEBUG_INFO = NO;
				SDKROOT = macosx;
			};
			name = Release;
		};
		397C43BD1C2BAC130065C457 /* Debug */ = {
			isa = XCBuildConfiguration;
			buildSettings = {
				ASSETCATALOG_COMPILER_APPICON_NAME = AppIcon;
				COMBINE_HIDPI_IMAGES = YES;
				INFOPLIST_FILE = ScreenCapture/Info.plist;
				LD_RUNPATH_SEARCH_PATHS = "$(inherited) @executable_path/../Frameworks";
				PRODUCT_BUNDLE_IDENTIFIER = org.torturedmind.ScreenCapture;
				PRODUCT_NAME = "$(TARGET_NAME)";
			};
			name = Debug;
		};
		397C43BE1C2BAC130065C457 /* Release */ = {
			isa = XCBuildConfiguration;
			buildSettings = {
				ASSETCATALOG_COMPILER_APPICON_NAME = AppIcon;
				COMBINE_HIDPI_IMAGES = YES;
				INFOPLIST_FILE = ScreenCapture/Info.plist;
				LD_RUNPATH_SEARCH_PATHS = "$(inherited) @executable_path/../Frameworks";
				PRODUCT_BUNDLE_IDENTIFIER = org.torturedmind.ScreenCapture;
				PRODUCT_NAME = "$(TARGET_NAME)";
			};
			name = Release;
		};
		397C43C01C2BAC130065C457 /* Debug */ = {
			isa = XCBuildConfiguration;
			buildSettings = {
				BUNDLE_LOADER = "$(TEST_HOST)";
				COMBINE_HIDPI_IMAGES = YES;
				INFOPLIST_FILE = ScreenCaptureTests/Info.plist;
				LD_RUNPATH_SEARCH_PATHS = "$(inherited) @executable_path/../Frameworks @loader_path/../Frameworks";
				PRODUCT_BUNDLE_IDENTIFIER = org.torturedmind.ScreenCaptureTests;
				PRODUCT_NAME = "$(TARGET_NAME)";
				TEST_HOST = "$(BUILT_PRODUCTS_DIR)/ScreenCapture.app/Contents/MacOS/ScreenCapture";
			};
			name = Debug;
		};
		397C43C11C2BAC130065C457 /* Release */ = {
			isa = XCBuildConfiguration;
			buildSettings = {
				BUNDLE_LOADER = "$(TEST_HOST)";
				COMBINE_HIDPI_IMAGES = YES;
				INFOPLIST_FILE = ScreenCaptureTests/Info.plist;
				LD_RUNPATH_SEARCH_PATHS = "$(inherited) @executable_path/../Frameworks @loader_path/../Frameworks";
				PRODUCT_BUNDLE_IDENTIFIER = org.torturedmind.ScreenCaptureTests;
				PRODUCT_NAME = "$(TARGET_NAME)";
				TEST_HOST = "$(BUILT_PRODUCTS_DIR)/ScreenCapture.app/Contents/MacOS/ScreenCapture";
			};
			name = Release;
		};
		397C43C31C2BAC130065C457 /* Debug */ = {
			isa = XCBuildConfiguration;
			buildSettings = {
				COMBINE_HIDPI_IMAGES = YES;
				INFOPLIST_FILE = ScreenCaptureUITests/Info.plist;
				LD_RUNPATH_SEARCH_PATHS = "$(inherited) @executable_path/../Frameworks @loader_path/../Frameworks";
				PRODUCT_BUNDLE_IDENTIFIER = org.torturedmind.ScreenCaptureUITests;
				PRODUCT_NAME = "$(TARGET_NAME)";
				TEST_TARGET_NAME = ScreenCapture;
				USES_XCTRUNNER = YES;
			};
			name = Debug;
		};
		397C43C41C2BAC130065C457 /* Release */ = {
			isa = XCBuildConfiguration;
			buildSettings = {
				COMBINE_HIDPI_IMAGES = YES;
				INFOPLIST_FILE = ScreenCaptureUITests/Info.plist;
				LD_RUNPATH_SEARCH_PATHS = "$(inherited) @executable_path/../Frameworks @loader_path/../Frameworks";
				PRODUCT_BUNDLE_IDENTIFIER = org.torturedmind.ScreenCaptureUITests;
				PRODUCT_NAME = "$(TARGET_NAME)";
				TEST_TARGET_NAME = ScreenCapture;
				USES_XCTRUNNER = YES;
			};
			name = Release;
		};
/* End XCBuildConfiguration section */

/* Begin XCConfigurationList section */
		397C43941C2BAC130065C457 /* Build configuration list for PBXProject "ScreenCapture" */ = {
			isa = XCConfigurationList;
			buildConfigurations = (
				397C43BA1C2BAC130065C457 /* Debug */,
				397C43BB1C2BAC130065C457 /* Release */,
			);
			defaultConfigurationIsVisible = 0;
			defaultConfigurationName = Release;
		};
		397C43BC1C2BAC130065C457 /* Build configuration list for PBXNativeTarget "ScreenCapture" */ = {
			isa = XCConfigurationList;
			buildConfigurations = (
				397C43BD1C2BAC130065C457 /* Debug */,
				397C43BE1C2BAC130065C457 /* Release */,
			);
			defaultConfigurationIsVisible = 0;
		};
		397C43BF1C2BAC130065C457 /* Build configuration list for PBXNativeTarget "ScreenCaptureTests" */ = {
			isa = XCConfigurationList;
			buildConfigurations = (
				397C43C01C2BAC130065C457 /* Debug */,
				397C43C11C2BAC130065C457 /* Release */,
			);
			defaultConfigurationIsVisible = 0;
		};
		397C43C21C2BAC130065C457 /* Build configuration list for PBXNativeTarget "ScreenCaptureUITests" */ = {
			isa = XCConfigurationList;
			buildConfigurations = (
				397C43C31C2BAC130065C457 /* Debug */,
				397C43C41C2BAC130065C457 /* Release */,
			);
			defaultConfigurationIsVisible = 0;
		};
/* End XCConfigurationList section */
	};
	rootObject = 397C43911C2BAC130065C457 /* Project object */;
}
